
Microsoft Visual Studio Solution File, Format Version 10.00
# Visual Studio 2008
Project("{FAE04EC0-301F-11D3-BF4B-00C04F79EFBC}") = "SvnBridge", "SvnBridge\SvnBridge.csproj", "{22D15920-C064-457D-889B-F7A2E16F3E05}"
EndProject
Project("{FAE04EC0-301F-11D3-BF4B-00C04F79EFBC}") = "SvnBridge.Library", "SvnBridgeLibrary\SvnBridge.Library.csproj", "{95E4E16B-0975-4705-B3A0-83700DE483C2}"
EndProject
Global
	GlobalSection(SolutionConfigurationPlatforms) = preSolution
		Debug|Any CPU = Debug|Any CPU
		Debug|x86 = Debug|x86
		Release|Any CPU = Release|Any CPU
		Release|x86 = Release|x86
		SAWH_Release|Any CPU = SAWH_Release|Any CPU
		SAWH_Release|x86 = SAWH_Release|x86
		SAWS_Debug|Any CPU = SAWS_Debug|Any CPU
		SAWS_Debug|x86 = SAWS_Debug|x86
		SAWS_Release|Any CPU = SAWS_Release|Any CPU
		SAWS_Release|x86 = SAWS_Release|x86
		SAWV_Debug|Any CPU = SAWV_Debug|Any CPU
		SAWV_Debug|x86 = SAWV_Debug|x86
		SAWV_Release|Any CPU = SAWV_Release|Any CPU
		SAWV_Release|x86 = SAWV_Release|x86
		SCMS_Debug|Any CPU = SCMS_Debug|Any CPU
		SCMS_Debug|x86 = SCMS_Debug|x86
		SCMS_Release|Any CPU = SCMS_Release|Any CPU
		SCMS_Release|x86 = SCMS_Release|x86
	EndGlobalSection
	GlobalSection(ProjectConfigurationPlatforms) = postSolution
		{22D15920-C064-457D-889B-F7A2E16F3E05}.Debug|Any CPU.ActiveCfg = Debug|Any CPU
		{22D15920-C064-457D-889B-F7A2E16F3E05}.Debug|Any CPU.Build.0 = Debug|Any CPU
		{22D15920-C064-457D-889B-F7A2E16F3E05}.Debug|x86.ActiveCfg = Debug|x86
		{22D15920-C064-457D-889B-F7A2E16F3E05}.Debug|x86.Build.0 = Debug|x86
		{22D15920-C064-457D-889B-F7A2E16F3E05}.Release|Any CPU.ActiveCfg = Release|Any CPU
		{22D15920-C064-457D-889B-F7A2E16F3E05}.Release|Any CPU.Build.0 = Release|Any CPU
		{22D15920-C064-457D-889B-F7A2E16F3E05}.Release|x86.ActiveCfg = Release|x86
		{22D15920-C064-457D-889B-F7A2E16F3E05}.Release|x86.Build.0 = Release|x86
		{22D15920-C064-457D-889B-F7A2E16F3E05}.SAWH_Release|Any CPU.ActiveCfg = SAWH_Release|Any CPU
		{22D15920-C064-457D-889B-F7A2E16F3E05}.SAWH_Release|Any CPU.Build.0 = SAWH_Release|Any CPU
		{22D15920-C064-457D-889B-F7A2E16F3E05}.SAWH_Release|x86.ActiveCfg = SAWH_Release|x86
		{22D15920-C064-457D-889B-F7A2E16F3E05}.SAWH_Release|x86.Build.0 = SAWH_Release|x86
		{22D15920-C064-457D-889B-F7A2E16F3E05}.SAWS_Debug|Any CPU.ActiveCfg = SAWS_Debug|Any CPU
		{22D15920-C064-457D-889B-F7A2E16F3E05}.SAWS_Debug|Any CPU.Build.0 = SAWS_Debug|Any CPU
		{22D15920-C064-457D-889B-F7A2E16F3E05}.SAWS_Debug|x86.ActiveCfg = SAWS_Debug|x86
		{22D15920-C064-457D-889B-F7A2E16F3E05}.SAWS_Debug|x86.Build.0 = SAWS_Debug|x86
		{22D15920-C064-457D-889B-F7A2E16F3E05}.SAWS_Release|Any CPU.ActiveCfg = SAWS_Release|Any CPU
		{22D15920-C064-457D-889B-F7A2E16F3E05}.SAWS_Release|Any CPU.Build.0 = SAWS_Release|Any CPU
		{22D15920-C064-457D-889B-F7A2E16F3E05}.SAWS_Release|x86.ActiveCfg = SAWS_Release|x86
		{22D15920-C064-457D-889B-F7A2E16F3E05}.SAWS_Release|x86.Build.0 = SAWS_Release|x86
		{22D15920-C064-457D-889B-F7A2E16F3E05}.SAWV_Debug|Any CPU.ActiveCfg = SAWV_Debug|Any CPU
		{22D15920-C064-457D-889B-F7A2E16F3E05}.SAWV_Debug|Any CPU.Build.0 = SAWV_Debug|Any CPU
		{22D15920-C064-457D-889B-F7A2E16F3E05}.SAWV_Debug|x86.ActiveCfg = SAWV_Debug|x86
		{22D15920-C064-457D-889B-F7A2E16F3E05}.SAWV_Debug|x86.Build.0 = SAWV_Debug|x86
		{22D15920-C064-457D-889B-F7A2E16F3E05}.SAWV_Release|Any CPU.ActiveCfg = SAWV_Release|Any CPU
		{22D15920-C064-457D-889B-F7A2E16F3E05}.SAWV_Release|Any CPU.Build.0 = SAWV_Release|Any CPU
		{22D15920-C064-457D-889B-F7A2E16F3E05}.SAWV_Release|x86.ActiveCfg = SAWV_Release|x86
		{22D15920-C064-457D-889B-F7A2E16F3E05}.SAWV_Release|x86.Build.0 = SAWV_Release|x86
		{22D15920-C064-457D-889B-F7A2E16F3E05}.SCMS_Debug|Any CPU.ActiveCfg = SCMS_Debug|Any CPU
		{22D15920-C064-457D-889B-F7A2E16F3E05}.SCMS_Debug|Any CPU.Build.0 = SCMS_Debug|Any CPU
		{22D15920-C064-457D-889B-F7A2E16F3E05}.SCMS_Debug|x86.ActiveCfg = SCMS_Debug|x86
		{22D15920-C064-457D-889B-F7A2E16F3E05}.SCMS_Debug|x86.Build.0 = SCMS_Debug|x86
		{22D15920-C064-457D-889B-F7A2E16F3E05}.SCMS_Release|Any CPU.ActiveCfg = SCMS_Release|Any CPU
		{22D15920-C064-457D-889B-F7A2E16F3E05}.SCMS_Release|Any CPU.Build.0 = SCMS_Release|Any CPU
		{22D15920-C064-457D-889B-F7A2E16F3E05}.SCMS_Release|x86.ActiveCfg = SCMS_Release|x86
		{22D15920-C064-457D-889B-F7A2E16F3E05}.SCMS_Release|x86.Build.0 = SCMS_Release|x86
		{95E4E16B-0975-4705-B3A0-83700DE483C2}.Debug|Any CPU.ActiveCfg = Debug|Any CPU
		{95E4E16B-0975-4705-B3A0-83700DE483C2}.Debug|Any CPU.Build.0 = Debug|Any CPU
		{95E4E16B-0975-4705-B3A0-83700DE483C2}.Debug|x86.ActiveCfg = Debug|x86
		{95E4E16B-0975-4705-B3A0-83700DE483C2}.Debug|x86.Build.0 = Debug|x86
		{95E4E16B-0975-4705-B3A0-83700DE483C2}.Release|Any CPU.ActiveCfg = Release|Any CPU
		{95E4E16B-0975-4705-B3A0-83700DE483C2}.Release|Any CPU.Build.0 = Release|Any CPU
		{95E4E16B-0975-4705-B3A0-83700DE483C2}.Release|x86.ActiveCfg = Release|x86
		{95E4E16B-0975-4705-B3A0-83700DE483C2}.Release|x86.Build.0 = Release|x86
		{95E4E16B-0975-4705-B3A0-83700DE483C2}.SAWH_Release|Any CPU.ActiveCfg = SAWH_Release|Any CPU
		{95E4E16B-0975-4705-B3A0-83700DE483C2}.SAWH_Release|Any CPU.Build.0 = SAWH_Release|Any CPU
		{95E4E16B-0975-4705-B3A0-83700DE483C2}.SAWH_Release|x86.ActiveCfg = SAWH_Release|x86
		{95E4E16B-0975-4705-B3A0-83700DE483C2}.SAWH_Release|x86.Build.0 = SAWH_Release|x86
		{95E4E16B-0975-4705-B3A0-83700DE483C2}.SAWS_Debug|Any CPU.ActiveCfg = SAWS_Debug|Any CPU
		{95E4E16B-0975-4705-B3A0-83700DE483C2}.SAWS_Debug|Any CPU.Build.0 = SAWS_Debug|Any CPU
		{95E4E16B-0975-4705-B3A0-83700DE483C2}.SAWS_Debug|x86.ActiveCfg = SAWS_Debug|x86
		{95E4E16B-0975-4705-B3A0-83700DE483C2}.SAWS_Debug|x86.Build.0 = SAWS_Debug|x86
		{95E4E16B-0975-4705-B3A0-83700DE483C2}.SAWS_Release|Any CPU.ActiveCfg = SAWS_Release|Any CPU
		{95E4E16B-0975-4705-B3A0-83700DE483C2}.SAWS_Release|Any CPU.Build.0 = SAWS_Release|Any CPU
		{95E4E16B-0975-4705-B3A0-83700DE483C2}.SAWS_Release|x86.ActiveCfg = SAWS_Release|x86
		{95E4E16B-0975-4705-B3A0-83700DE483C2}.SAWS_Release|x86.Build.0 = SAWS_Release|x86
		{95E4E16B-0975-4705-B3A0-83700DE483C2}.SAWV_Debug|Any CPU.ActiveCfg = SAWV_Debug|Any CPU
		{95E4E16B-0975-4705-B3A0-83700DE483C2}.SAWV_Debug|Any CPU.Build.0 = SAWV_Debug|Any CPU
		{95E4E16B-0975-4705-B3A0-83700DE483C2}.SAWV_Debug|x86.ActiveCfg = SAWV_Debug|x86
		{95E4E16B-0975-4705-B3A0-83700DE483C2}.SAWV_Debug|x86.Build.0 = SAWV_Debug|x86
		{95E4E16B-0975-4705-B3A0-83700DE483C2}.SAWV_Release|Any CPU.ActiveCfg = SAWV_Release|Any CPU
		{95E4E16B-0975-4705-B3A0-83700DE483C2}.SAWV_Release|Any CPU.Build.0 = SAWV_Release|Any CPU
		{95E4E16B-0975-4705-B3A0-83700DE483C2}.SAWV_Release|x86.ActiveCfg = SAWV_Release|x86
		{95E4E16B-0975-4705-B3A0-83700DE483C2}.SAWV_Release|x86.Build.0 = SAWV_Release|x86
		{95E4E16B-0975-4705-B3A0-83700DE483C2}.SCMS_Debug|Any CPU.ActiveCfg = SCMS_Debug|Any CPU
		{95E4E16B-0975-4705-B3A0-83700DE483C2}.SCMS_Debug|Any CPU.Build.0 = SCMS_Debug|Any CPU
		{95E4E16B-0975-4705-B3A0-83700DE483C2}.SCMS_Debug|x86.ActiveCfg = SCMS_Debug|x86
		{95E4E16B-0975-4705-B3A0-83700DE483C2}.SCMS_Debug|x86.Build.0 = SCMS_Debug|x86
		{95E4E16B-0975-4705-B3A0-83700DE483C2}.SCMS_Release|Any CPU.ActiveCfg = SCMS_Release|Any CPU
		{95E4E16B-0975-4705-B3A0-83700DE483C2}.SCMS_Release|Any CPU.Build.0 = SCMS_Release|Any CPU
		{95E4E16B-0975-4705-B3A0-83700DE483C2}.SCMS_Release|x86.ActiveCfg = SCMS_Release|x86
		{95E4E16B-0975-4705-B3A0-83700DE483C2}.SCMS_Release|x86.Build.0 = SCMS_Release|x86
	EndGlobalSection
	GlobalSection(SolutionProperties) = preSolution
		HideSolutionNode = FALSE
	EndGlobalSection
EndGlobal
